
Microsoft Visual Studio Solution File, Format Version 12.00
# Visual Studio Version 17
VisualStudioVersion = 17.4.33103.184
MinimumVisualStudioVersion = 10.0.40219.1
Project("{9A19103F-16F7-4668-BE54-9A1E7A4F7556}") = "BlazorWebApp", "BlazorWebApp\BlazorWebApp.csproj", "{DAC1F5BE-F8AF-4FE4-8A9E-881F79EEDE56}"
EndProject
Project("{FAE04EC0-301F-11D3-BF4B-00C04F79EFBC}") = "BlazorWebApp.Tests", "BlazorWebApp.Tests\BlazorWebApp.Tests.csproj", "{8C0F91A4-A6F4-4394-B963-18C6722E24D6}"
EndProject
Global
	GlobalSection(SolutionConfigurationPlatforms) = preSolution
		Debug|Any CPU = Debug|Any CPU
		Debug|x64 = Debug|x64
		Debug|x86 = Debug|x86
		Release|Any CPU = Release|Any CPU
		Release|x64 = Release|x64
		Release|x86 = Release|x86
	EndGlobalSection
	GlobalSection(ProjectConfigurationPlatforms) = postSolution
		{DAC1F5BE-F8AF-4FE4-8A9E-881F79EEDE56}.Debug|Any CPU.ActiveCfg = Debug|Any CPU
		{DAC1F5BE-F8AF-4FE4-8A9E-881F79EEDE56}.Debug|Any CPU.Build.0 = Debug|Any CPU
		{DAC1F5BE-F8AF-4FE4-8A9E-881F79EEDE56}.Debug|x64.ActiveCfg = Debug|Any CPU
		{DAC1F5BE-F8AF-4FE4-8A9E-881F79EEDE56}.Debug|x64.Build.0 = Debug|Any CPU
		{DAC1F5BE-F8AF-4FE4-8A9E-881F79EEDE56}.Debug|x86.ActiveCfg = Debug|Any CPU
		{DAC1F5BE-F8AF-4FE4-8A9E-881F79EEDE56}.Debug|x86.Build.0 = Debug|Any CPU
		{DAC1F5BE-F8AF-4FE4-8A9E-881F79EEDE56}.Release|Any CPU.ActiveCfg = Release|Any CPU
		{DAC1F5BE-F8AF-4FE4-8A9E-881F79EEDE56}.Release|Any CPU.Build.0 = Release|Any CPU
		{DAC1F5BE-F8AF-4FE4-8A9E-881F79EEDE56}.Release|x64.ActiveCfg = Release|Any CPU
		{DAC1F5BE-F8AF-4FE4-8A9E-881F79EEDE56}.Release|x64.Build.0 = Release|Any CPU
		{DAC1F5BE-F8AF-4FE4-8A9E-881F79EEDE56}.Release|x86.ActiveCfg = Release|Any CPU
		{DAC1F5BE-F8AF-4FE4-8A9E-881F79EEDE56}.Release|x86.Build.0 = Release|Any CPU
		{8C0F91A4-A6F4-4394-B963-18C6722E24D6}.Debug|Any CPU.ActiveCfg = Debug|Any CPU
		{8C0F91A4-A6F4-4394-B963-18C6722E24D6}.Debug|Any CPU.Build.0 = Debug|Any CPU
		{8C0F91A4-A6F4-4394-B963-18C6722E24D6}.Debug|x64.ActiveCfg = Debug|Any CPU
		{8C0F91A4-A6F4-4394-B963-18C6722E24D6}.Debug|x64.Build.0 = Debug|Any CPU
		{8C0F91A4-A6F4-4394-B963-18C6722E24D6}.Debug|x86.ActiveCfg = Debug|Any CPU
		{8C0F91A4-A6F4-4394-B963-18C6722E24D6}.Debug|x86.Build.0 = Debug|Any CPU
		{8C0F91A4-A6F4-4394-B963-18C6722E24D6}.Release|Any CPU.ActiveCfg = Release|Any CPU
		{8C0F91A4-A6F4-4394-B963-18C6722E24D6}.Release|Any CPU.Build.0 = Release|Any CPU
		{8C0F91A4-A6F4-4394-B963-18C6722E24D6}.Release|x64.ActiveCfg = Release|Any CPU
		{8C0F91A4-A6F4-4394-B963-18C6722E24D6}.Release|x64.Build.0 = Release|Any CPU
		{8C0F91A4-A6F4-4394-B963-18C6722E24D6}.Release|x86.ActiveCfg = Release|Any CPU
		{8C0F91A4-A6F4-4394-B963-18C6722E24D6}.Release|x86.Build.0 = Release|Any CPU
	EndGlobalSection
	GlobalSection(SolutionProperties) = preSolution
		HideSolutionNode = FALSE
	EndGlobalSection
	GlobalSection(ExtensibilityGlobals) = postSolution
		SolutionGuid = {831E2020-7A0D-4950-AA74-3520753B7F96}
	EndGlobalSection
EndGlobal
